
Microsoft Visual Studio Solution File, Format Version 12.00
# Visual Studio Version 17
VisualStudioVersion = 17.6.33829.357
MinimumVisualStudioVersion = 10.0.40219.1
Project("{2150E333-8FDC-42A3-9474-1A3956D46DE8}") = "0 - Liara.Framework", "0 - Liara.Framework", "{9B554F4F-BCCF-417E-A90F-FBF01332B537}"
EndProject
Project("{9A19103F-16F7-4668-BE54-9A1E7A4F7556}") = "Liara.Common", "Liara.Common\Liara.Common.csproj", "{6FB8A5F9-C37E-4F45-B5FE-73586B0A7E11}"
EndProject
Project("{9A19103F-16F7-4668-BE54-9A1E7A4F7556}") = "Liara.Azure", "Liara.Azure\Liara.Azure.csproj", "{D62BBB63-C2EF-49F7-AB36-C4B06BAE9DA3}"
EndProject
Project("{9A19103F-16F7-4668-BE54-9A1E7A4F7556}") = "Liara.CosmosDb", "Liara.CosmosDb\Liara.CosmosDb.csproj", "{526F2E50-0C30-4F85-AE81-8EAA8335245D}"
EndProject
Project("{2150E333-8FDC-42A3-9474-1A3956D46DE8}") = "1 - Palaven.Framework", "1 - Palaven.Framework", "{B1E3584C-275F-4E89-9D17-BF74882D5465}"
EndProject
Project("{2150E333-8FDC-42A3-9474-1A3956D46DE8}") = "2 - Palaven.Clients", "2 - Palaven.Clients", "{0947511F-83DB-4E8B-AD80-8612E1575924}"
EndProject
Project("{9A19103F-16F7-4668-BE54-9A1E7A4F7556}") = "Palaven.Ingest", "Palaven.Ingest\Palaven.Ingest.csproj", "{D9D4EBA5-F9E6-404D-ADF6-273DD60EF946}"
EndProject
Project("{9A19103F-16F7-4668-BE54-9A1E7A4F7556}") = "Palaven.Ingest.Client", "Palaven.Ingest.Client\Palaven.Ingest.Client.csproj", "{D0DA97D9-3D8E-4CF8-A642-0994CD10CD8D}"
EndProject
Project("{9A19103F-16F7-4668-BE54-9A1E7A4F7556}") = "Palaven.Model", "Palaven.Model\Palaven.Model.csproj", "{A444E067-D1B4-40AB-9144-114DEAA330CC}"
EndProject
Project("{9A19103F-16F7-4668-BE54-9A1E7A4F7556}") = "Liara.OpenAI", "Liara.OpenAI\Liara.OpenAI.csproj", "{7BCE5185-8304-4698-81B5-3BCCB983D89F}"
EndProject
Project("{9A19103F-16F7-4668-BE54-9A1E7A4F7556}") = "Liara.Pinecone", "Liara.Pinecone\Liara.Pinecone.csproj", "{8EC01366-8932-41B3-862F-DA5260CFA651}"
EndProject
Project("{9A19103F-16F7-4668-BE54-9A1E7A4F7556}") = "Palaven.Data", "Palaven.Data\Palaven.Data.csproj", "{9A0824FD-329E-464E-9E99-9F0B08DD2A23}"
EndProject
Project("{9A19103F-16F7-4668-BE54-9A1E7A4F7556}") = "Palaven.Chat", "Palaven.Chat\Palaven.Chat.csproj", "{E924363E-B32F-4741-A0A2-755D9B5F82E1}"
EndProject
Project("{FAE04EC0-301F-11D3-BF4B-00C04F79EFBC}") = "Palaven.VectorIndexing.Client", "Palaven.VectorIndexing.Client\Palaven.VectorIndexing.Client.csproj", "{17324144-9CCD-4F18-A98E-2B747AD43BDB}"
EndProject
Project("{FAE04EC0-301F-11D3-BF4B-00C04F79EFBC}") = "Palaven.Chat.Client", "Palaven.Chat.Client\Palaven.Chat.Client.csproj", "{5E468943-DE11-4C88-B2CE-EEDDDEA5EEA9}"
EndProject
Project("{FAE04EC0-301F-11D3-BF4B-00C04F79EFBC}") = "Palaven.VectorIndexing", "Palaven.VectorIndexing\Palaven.VectorIndexing.csproj", "{5917C0C2-4D8A-4322-9E62-3376BFE49FCF}"
EndProject
Global
	GlobalSection(SolutionConfigurationPlatforms) = preSolution
		Debug|Any CPU = Debug|Any CPU
		Release|Any CPU = Release|Any CPU
	EndGlobalSection
	GlobalSection(ProjectConfigurationPlatforms) = postSolution
		{6FB8A5F9-C37E-4F45-B5FE-73586B0A7E11}.Debug|Any CPU.ActiveCfg = Debug|Any CPU
		{6FB8A5F9-C37E-4F45-B5FE-73586B0A7E11}.Debug|Any CPU.Build.0 = Debug|Any CPU
		{6FB8A5F9-C37E-4F45-B5FE-73586B0A7E11}.Release|Any CPU.ActiveCfg = Release|Any CPU
		{6FB8A5F9-C37E-4F45-B5FE-73586B0A7E11}.Release|Any CPU.Build.0 = Release|Any CPU
		{D62BBB63-C2EF-49F7-AB36-C4B06BAE9DA3}.Debug|Any CPU.ActiveCfg = Debug|Any CPU
		{D62BBB63-C2EF-49F7-AB36-C4B06BAE9DA3}.Debug|Any CPU.Build.0 = Debug|Any CPU
		{D62BBB63-C2EF-49F7-AB36-C4B06BAE9DA3}.Release|Any CPU.ActiveCfg = Release|Any CPU
		{D62BBB63-C2EF-49F7-AB36-C4B06BAE9DA3}.Release|Any CPU.Build.0 = Release|Any CPU
		{526F2E50-0C30-4F85-AE81-8EAA8335245D}.Debug|Any CPU.ActiveCfg = Debug|Any CPU
		{526F2E50-0C30-4F85-AE81-8EAA8335245D}.Debug|Any CPU.Build.0 = Debug|Any CPU
		{526F2E50-0C30-4F85-AE81-8EAA8335245D}.Release|Any CPU.ActiveCfg = Release|Any CPU
		{526F2E50-0C30-4F85-AE81-8EAA8335245D}.Release|Any CPU.Build.0 = Release|Any CPU
		{D9D4EBA5-F9E6-404D-ADF6-273DD60EF946}.Debug|Any CPU.ActiveCfg = Debug|Any CPU
		{D9D4EBA5-F9E6-404D-ADF6-273DD60EF946}.Debug|Any CPU.Build.0 = Debug|Any CPU
		{D9D4EBA5-F9E6-404D-ADF6-273DD60EF946}.Release|Any CPU.ActiveCfg = Release|Any CPU
		{D9D4EBA5-F9E6-404D-ADF6-273DD60EF946}.Release|Any CPU.Build.0 = Release|Any CPU
		{D0DA97D9-3D8E-4CF8-A642-0994CD10CD8D}.Debug|Any CPU.ActiveCfg = Debug|Any CPU
		{D0DA97D9-3D8E-4CF8-A642-0994CD10CD8D}.Debug|Any CPU.Build.0 = Debug|Any CPU
		{D0DA97D9-3D8E-4CF8-A642-0994CD10CD8D}.Release|Any CPU.ActiveCfg = Release|Any CPU
		{D0DA97D9-3D8E-4CF8-A642-0994CD10CD8D}.Release|Any CPU.Build.0 = Release|Any CPU
		{A444E067-D1B4-40AB-9144-114DEAA330CC}.Debug|Any CPU.ActiveCfg = Debug|Any CPU
		{A444E067-D1B4-40AB-9144-114DEAA330CC}.Debug|Any CPU.Build.0 = Debug|Any CPU
		{A444E067-D1B4-40AB-9144-114DEAA330CC}.Release|Any CPU.ActiveCfg = Release|Any CPU
		{A444E067-D1B4-40AB-9144-114DEAA330CC}.Release|Any CPU.Build.0 = Release|Any CPU
		{7BCE5185-8304-4698-81B5-3BCCB983D89F}.Debug|Any CPU.ActiveCfg = Debug|Any CPU
		{7BCE5185-8304-4698-81B5-3BCCB983D89F}.Debug|Any CPU.Build.0 = Debug|Any CPU
		{7BCE5185-8304-4698-81B5-3BCCB983D89F}.Release|Any CPU.ActiveCfg = Release|Any CPU
		{7BCE5185-8304-4698-81B5-3BCCB983D89F}.Release|Any CPU.Build.0 = Release|Any CPU
		{8EC01366-8932-41B3-862F-DA5260CFA651}.Debug|Any CPU.ActiveCfg = Debug|Any CPU
		{8EC01366-8932-41B3-862F-DA5260CFA651}.Debug|Any CPU.Build.0 = Debug|Any CPU
		{8EC01366-8932-41B3-862F-DA5260CFA651}.Release|Any CPU.ActiveCfg = Release|Any CPU
		{8EC01366-8932-41B3-862F-DA5260CFA651}.Release|Any CPU.Build.0 = Release|Any CPU
		{9A0824FD-329E-464E-9E99-9F0B08DD2A23}.Debug|Any CPU.ActiveCfg = Debug|Any CPU
		{9A0824FD-329E-464E-9E99-9F0B08DD2A23}.Debug|Any CPU.Build.0 = Debug|Any CPU
		{9A0824FD-329E-464E-9E99-9F0B08DD2A23}.Release|Any CPU.ActiveCfg = Release|Any CPU
		{9A0824FD-329E-464E-9E99-9F0B08DD2A23}.Release|Any CPU.Build.0 = Release|Any CPU
		{E924363E-B32F-4741-A0A2-755D9B5F82E1}.Debug|Any CPU.ActiveCfg = Debug|Any CPU
		{E924363E-B32F-4741-A0A2-755D9B5F82E1}.Debug|Any CPU.Build.0 = Debug|Any CPU
		{E924363E-B32F-4741-A0A2-755D9B5F82E1}.Release|Any CPU.ActiveCfg = Release|Any CPU
		{E924363E-B32F-4741-A0A2-755D9B5F82E1}.Release|Any CPU.Build.0 = Release|Any CPU
		{17324144-9CCD-4F18-A98E-2B747AD43BDB}.Debug|Any CPU.ActiveCfg = Debug|Any CPU
		{17324144-9CCD-4F18-A98E-2B747AD43BDB}.Debug|Any CPU.Build.0 = Debug|Any CPU
		{17324144-9CCD-4F18-A98E-2B747AD43BDB}.Release|Any CPU.ActiveCfg = Release|Any CPU
		{17324144-9CCD-4F18-A98E-2B747AD43BDB}.Release|Any CPU.Build.0 = Release|Any CPU
		{5E468943-DE11-4C88-B2CE-EEDDDEA5EEA9}.Debug|Any CPU.ActiveCfg = Debug|Any CPU
		{5E468943-DE11-4C88-B2CE-EEDDDEA5EEA9}.Debug|Any CPU.Build.0 = Debug|Any CPU
		{5E468943-DE11-4C88-B2CE-EEDDDEA5EEA9}.Release|Any CPU.ActiveCfg = Release|Any CPU
		{5E468943-DE11-4C88-B2CE-EEDDDEA5EEA9}.Release|Any CPU.Build.0 = Release|Any CPU
		{5917C0C2-4D8A-4322-9E62-3376BFE49FCF}.Debug|Any CPU.ActiveCfg = Debug|Any CPU
		{5917C0C2-4D8A-4322-9E62-3376BFE49FCF}.Debug|Any CPU.Build.0 = Debug|Any CPU
		{5917C0C2-4D8A-4322-9E62-3376BFE49FCF}.Release|Any CPU.ActiveCfg = Release|Any CPU
		{5917C0C2-4D8A-4322-9E62-3376BFE49FCF}.Release|Any CPU.Build.0 = Release|Any CPU
	EndGlobalSection
	GlobalSection(SolutionProperties) = preSolution
		HideSolutionNode = FALSE
	EndGlobalSection
	GlobalSection(NestedProjects) = preSolution
		{6FB8A5F9-C37E-4F45-B5FE-73586B0A7E11} = {9B554F4F-BCCF-417E-A90F-FBF01332B537}
		{D62BBB63-C2EF-49F7-AB36-C4B06BAE9DA3} = {9B554F4F-BCCF-417E-A90F-FBF01332B537}
		{526F2E50-0C30-4F85-AE81-8EAA8335245D} = {9B554F4F-BCCF-417E-A90F-FBF01332B537}
		{D9D4EBA5-F9E6-404D-ADF6-273DD60EF946} = {B1E3584C-275F-4E89-9D17-BF74882D5465}
		{D0DA97D9-3D8E-4CF8-A642-0994CD10CD8D} = {0947511F-83DB-4E8B-AD80-8612E1575924}
		{A444E067-D1B4-40AB-9144-114DEAA330CC} = {B1E3584C-275F-4E89-9D17-BF74882D5465}
		{7BCE5185-8304-4698-81B5-3BCCB983D89F} = {9B554F4F-BCCF-417E-A90F-FBF01332B537}
		{8EC01366-8932-41B3-862F-DA5260CFA651} = {9B554F4F-BCCF-417E-A90F-FBF01332B537}
		{9A0824FD-329E-464E-9E99-9F0B08DD2A23} = {B1E3584C-275F-4E89-9D17-BF74882D5465}
		{E924363E-B32F-4741-A0A2-755D9B5F82E1} = {B1E3584C-275F-4E89-9D17-BF74882D5465}
		{17324144-9CCD-4F18-A98E-2B747AD43BDB} = {0947511F-83DB-4E8B-AD80-8612E1575924}
		{5E468943-DE11-4C88-B2CE-EEDDDEA5EEA9} = {0947511F-83DB-4E8B-AD80-8612E1575924}
		{5917C0C2-4D8A-4322-9E62-3376BFE49FCF} = {B1E3584C-275F-4E89-9D17-BF74882D5465}
	EndGlobalSection
	GlobalSection(ExtensibilityGlobals) = postSolution
		SolutionGuid = {E278837F-4CA4-43C3-9874-FE884FA0982F}
	EndGlobalSection
EndGlobal
